// !$*UTF8*$!
{
	archiveVersion = 1;
	classes = {
	};
	objectVersion = 56;
	objects = {

/* Begin PBXBuildFile section */
		054D40682A80C41600408AD1 /* AppDelegate.swift in Sources */ = {isa = PBXBuildFile; fileRef = 054D40672A80C41600408AD1 /* AppDelegate.swift */; };
		054D406A2A80C41600408AD1 /* SceneDelegate.swift in Sources */ = {isa = PBXBuildFile; fileRef = 054D40692A80C41600408AD1 /* SceneDelegate.swift */; };
		054D406C2A80C41600408AD1 /* ViewController.swift in Sources */ = {isa = PBXBuildFile; fileRef = 054D406B2A80C41600408AD1 /* ViewController.swift */; };
		054D406F2A80C41600408AD1 /* Main.storyboard in Resources */ = {isa = PBXBuildFile; fileRef = 054D406D2A80C41600408AD1 /* Main.storyboard */; };
		054D40712A80C41700408AD1 /* Assets.xcassets in Resources */ = {isa = PBXBuildFile; fileRef = 054D40702A80C41700408AD1 /* Assets.xcassets */; };
		054D40742A80C41700408AD1 /* LaunchScreen.storyboard in Resources */ = {isa = PBXBuildFile; fileRef = 054D40722A80C41700408AD1 /* LaunchScreen.storyboard */; };
		054D407C2A80C53300408AD1 /* TodoListScene.storyboard in Resources */ = {isa = PBXBuildFile; fileRef = 054D407B2A80C53300408AD1 /* TodoListScene.storyboard */; };
		054D407E2A80C59000408AD1 /* CompletionListScene.storyboard in Resources */ = {isa = PBXBuildFile; fileRef = 054D407D2A80C59000408AD1 /* CompletionListScene.storyboard */; };
		054D40832A80C5E500408AD1 /* TodoListViewController.swift in Sources */ = {isa = PBXBuildFile; fileRef = 054D40822A80C5E500408AD1 /* TodoListViewController.swift */; };
		054D40852A80C73100408AD1 /* Todo.swift in Sources */ = {isa = PBXBuildFile; fileRef = 054D40842A80C73100408AD1 /* Todo.swift */; };
		054D40892A80EBA800408AD1 /* CompletionListViewController.swift in Sources */ = {isa = PBXBuildFile; fileRef = 054D40882A80EBA800408AD1 /* CompletionListViewController.swift */; };
		054D408B2A8108E800408AD1 /* TodoListCell.swift in Sources */ = {isa = PBXBuildFile; fileRef = 054D408A2A8108E800408AD1 /* TodoListCell.swift */; };
		054D408D2A81461B00408AD1 /* TodoDataManager.swift in Sources */ = {isa = PBXBuildFile; fileRef = 054D408C2A81461B00408AD1 /* TodoDataManager.swift */; };
		054D408F2A81D87600408AD1 /* UILabel.swift in Sources */ = {isa = PBXBuildFile; fileRef = 054D408E2A81D87600408AD1 /* UILabel.swift */; };
		054D40922A8211F600408AD1 /* CompletionListCell.swift in Sources */ = {isa = PBXBuildFile; fileRef = 054D40912A8211F600408AD1 /* CompletionListCell.swift */; };
/* End PBXBuildFile section */

/* Begin PBXFileReference section */
		054D40642A80C41600408AD1 /* TodoApp.app */ = {isa = PBXFileReference; explicitFileType = wrapper.application; includeInIndex = 0; path = TodoApp.app; sourceTree = BUILT_PRODUCTS_DIR; };
		054D40672A80C41600408AD1 /* AppDelegate.swift */ = {isa = PBXFileReference; lastKnownFileType = sourcecode.swift; path = AppDelegate.swift; sourceTree = "<group>"; };
		054D40692A80C41600408AD1 /* SceneDelegate.swift */ = {isa = PBXFileReference; lastKnownFileType = sourcecode.swift; path = SceneDelegate.swift; sourceTree = "<group>"; };
		054D406B2A80C41600408AD1 /* ViewController.swift */ = {isa = PBXFileReference; lastKnownFileType = sourcecode.swift; path = ViewController.swift; sourceTree = "<group>"; };
		054D406E2A80C41600408AD1 /* Base */ = {isa = PBXFileReference; lastKnownFileType = file.storyboard; name = Base; path = Base.lproj/Main.storyboard; sourceTree = "<group>"; };
		054D40702A80C41700408AD1 /* Assets.xcassets */ = {isa = PBXFileReference; lastKnownFileType = folder.assetcatalog; path = Assets.xcassets; sourceTree = "<group>"; };
		054D40732A80C41700408AD1 /* Base */ = {isa = PBXFileReference; lastKnownFileType = file.storyboard; name = Base; path = Base.lproj/LaunchScreen.storyboard; sourceTree = "<group>"; };
		054D40752A80C41700408AD1 /* Info.plist */ = {isa = PBXFileReference; lastKnownFileType = text.plist.xml; path = Info.plist; sourceTree = "<group>"; };
		054D407B2A80C53300408AD1 /* TodoListScene.storyboard */ = {isa = PBXFileReference; lastKnownFileType = file.storyboard; path = TodoListScene.storyboard; sourceTree = "<group>"; };
		054D407D2A80C59000408AD1 /* CompletionListScene.storyboard */ = {isa = PBXFileReference; lastKnownFileType = file.storyboard; path = CompletionListScene.storyboard; sourceTree = "<group>"; };
		054D40822A80C5E500408AD1 /* TodoListViewController.swift */ = {isa = PBXFileReference; lastKnownFileType = sourcecode.swift; path = TodoListViewController.swift; sourceTree = "<group>"; };
		054D40842A80C73100408AD1 /* Todo.swift */ = {isa = PBXFileReference; lastKnownFileType = sourcecode.swift; path = Todo.swift; sourceTree = "<group>"; };
		054D40882A80EBA800408AD1 /* CompletionListViewController.swift */ = {isa = PBXFileReference; lastKnownFileType = sourcecode.swift; path = CompletionListViewController.swift; sourceTree = "<group>"; };
		054D408A2A8108E800408AD1 /* TodoListCell.swift */ = {isa = PBXFileReference; lastKnownFileType = sourcecode.swift; path = TodoListCell.swift; sourceTree = "<group>"; };
		054D408C2A81461B00408AD1 /* TodoDataManager.swift */ = {isa = PBXFileReference; lastKnownFileType = sourcecode.swift; path = TodoDataManager.swift; sourceTree = "<group>"; };
		054D408E2A81D87600408AD1 /* UILabel.swift */ = {isa = PBXFileReference; lastKnownFileType = sourcecode.swift; path = UILabel.swift; sourceTree = "<group>"; };
		054D40912A8211F600408AD1 /* CompletionListCell.swift */ = {isa = PBXFileReference; lastKnownFileType = sourcecode.swift; path = CompletionListCell.swift; sourceTree = "<group>"; };
/* End PBXFileReference section */

/* Begin PBXFrameworksBuildPhase section */
		054D40612A80C41600408AD1 /* Frameworks */ = {
			isa = PBXFrameworksBuildPhase;
			buildActionMask = 2147483647;
			files = (
			);
			runOnlyForDeploymentPostprocessing = 0;
		};
/* End PBXFrameworksBuildPhase section */

/* Begin PBXGroup section */
		054D405B2A80C41600408AD1 = {
			isa = PBXGroup;
			children = (
				054D40662A80C41600408AD1 /* TodoApp */,
				054D40652A80C41600408AD1 /* Products */,
			);
			sourceTree = "<group>";
		};
		054D40652A80C41600408AD1 /* Products */ = {
			isa = PBXGroup;
			children = (
				054D40642A80C41600408AD1 /* TodoApp.app */,
			);
			name = Products;
			sourceTree = "<group>";
		};
		054D40662A80C41600408AD1 /* TodoApp */ = {
			isa = PBXGroup;
			children = (
				054D40672A80C41600408AD1 /* AppDelegate.swift */,
				054D40692A80C41600408AD1 /* SceneDelegate.swift */,
				054D40902A82056100408AD1 /* Extension */,
				054D40802A80C5AE00408AD1 /* Model */,
				054D407F2A80C59300408AD1 /* Scene */,
				054D40812A80C5B300408AD1 /* Controller */,
				054D40722A80C41700408AD1 /* LaunchScreen.storyboard */,
				054D40752A80C41700408AD1 /* Info.plist */,
				054D40702A80C41700408AD1 /* Assets.xcassets */,
			);
			path = TodoApp;
			sourceTree = "<group>";
		};
		054D407F2A80C59300408AD1 /* Scene */ = {
			isa = PBXGroup;
			children = (
				054D40932A821B7400408AD1 /* Cell */,
				054D406D2A80C41600408AD1 /* Main.storyboard */,
				054D407B2A80C53300408AD1 /* TodoListScene.storyboard */,
				054D407D2A80C59000408AD1 /* CompletionListScene.storyboard */,
			);
			path = Scene;
			sourceTree = "<group>";
		};
		054D40802A80C5AE00408AD1 /* Model */ = {
			isa = PBXGroup;
			children = (
				054D40842A80C73100408AD1 /* Todo.swift */,
				054D408C2A81461B00408AD1 /* TodoDataManager.swift */,
			);
			path = Model;
			sourceTree = "<group>";
		};
		054D40812A80C5B300408AD1 /* Controller */ = {
			isa = PBXGroup;
			children = (
				054D406B2A80C41600408AD1 /* ViewController.swift */,
				054D40822A80C5E500408AD1 /* TodoListViewController.swift */,
				054D40882A80EBA800408AD1 /* CompletionListViewController.swift */,
			);
			path = Controller;
			sourceTree = "<group>";
		};
		054D40902A82056100408AD1 /* Extension */ = {
			isa = PBXGroup;
			children = (
				054D408E2A81D87600408AD1 /* UILabel.swift */,
			);
			path = Extension;
			sourceTree = "<group>";
		};
		054D40932A821B7400408AD1 /* Cell */ = {
			isa = PBXGroup;
			children = (
				054D408A2A8108E800408AD1 /* TodoListCell.swift */,
				054D40912A8211F600408AD1 /* CompletionListCell.swift */,
			);
			name = Cell;
			sourceTree = "<group>";
		};
/* End PBXGroup section */

/* Begin PBXNativeTarget section */
		054D40632A80C41600408AD1 /* TodoApp */ = {
			isa = PBXNativeTarget;
			buildConfigurationList = 054D40782A80C41700408AD1 /* Build configuration list for PBXNativeTarget "TodoApp" */;
			buildPhases = (
				054D40602A80C41600408AD1 /* Sources */,
				054D40612A80C41600408AD1 /* Frameworks */,
				054D40622A80C41600408AD1 /* Resources */,
			);
			buildRules = (
			);
			dependencies = (
			);
			name = TodoApp;
			productName = TodoApp;
			productReference = 054D40642A80C41600408AD1 /* TodoApp.app */;
			productType = "com.apple.product-type.application";
		};
/* End PBXNativeTarget section */

/* Begin PBXProject section */
		054D405C2A80C41600408AD1 /* Project object */ = {
			isa = PBXProject;
			attributes = {
				BuildIndependentTargetsInParallel = 1;
				LastSwiftUpdateCheck = 1430;
				LastUpgradeCheck = 1430;
				TargetAttributes = {
					054D40632A80C41600408AD1 = {
						CreatedOnToolsVersion = 14.3.1;
					};
				};
			};
			buildConfigurationList = 054D405F2A80C41600408AD1 /* Build configuration list for PBXProject "TodoApp" */;
			compatibilityVersion = "Xcode 14.0";
			developmentRegion = en;
			hasScannedForEncodings = 0;
			knownRegions = (
				en,
				Base,
			);
			mainGroup = 054D405B2A80C41600408AD1;
			productRefGroup = 054D40652A80C41600408AD1 /* Products */;
			projectDirPath = "";
			projectRoot = "";
			targets = (
				054D40632A80C41600408AD1 /* TodoApp */,
			);
		};
/* End PBXProject section */

/* Begin PBXResourcesBuildPhase section */
		054D40622A80C41600408AD1 /* Resources */ = {
			isa = PBXResourcesBuildPhase;
			buildActionMask = 2147483647;
			files = (
				054D40742A80C41700408AD1 /* LaunchScreen.storyboard in Resources */,
				054D40712A80C41700408AD1 /* Assets.xcassets in Resources */,
				054D406F2A80C41600408AD1 /* Main.storyboard in Resources */,
				054D407E2A80C59000408AD1 /* CompletionListScene.storyboard in Resources */,
				054D407C2A80C53300408AD1 /* TodoListScene.storyboard in Resources */,
			);
			runOnlyForDeploymentPostprocessing = 0;
		};
/* End PBXResourcesBuildPhase section */

/* Begin PBXSourcesBuildPhase section */
		054D40602A80C41600408AD1 /* Sources */ = {
			isa = PBXSourcesBuildPhase;
			buildActionMask = 2147483647;
			files = (
				054D40832A80C5E500408AD1 /* TodoListViewController.swift in Sources */,
				054D40922A8211F600408AD1 /* CompletionListCell.swift in Sources */,
				054D406C2A80C41600408AD1 /* ViewController.swift in Sources */,
				054D40892A80EBA800408AD1 /* CompletionListViewController.swift in Sources */,
				054D408D2A81461B00408AD1 /* TodoDataManager.swift in Sources */,
				054D408F2A81D87600408AD1 /* UILabel.swift in Sources */,
				054D40682A80C41600408AD1 /* AppDelegate.swift in Sources */,
				054D408B2A8108E800408AD1 /* TodoListCell.swift in Sources */,
				054D406A2A80C41600408AD1 /* SceneDelegate.swift in Sources */,
				054D40852A80C73100408AD1 /* Todo.swift in Sources */,
			);
			runOnlyForDeploymentPostprocessing = 0;
		};
/* End PBXSourcesBuildPhase section */

/* Begin PBXVariantGroup section */
		054D406D2A80C41600408AD1 /* Main.storyboard */ = {
			isa = PBXVariantGroup;
			children = (
				054D406E2A80C41600408AD1 /* Base */,
			);
			name = Main.storyboard;
			sourceTree = "<group>";
		};
		054D40722A80C41700408AD1 /* LaunchScreen.storyboard */ = {
			isa = PBXVariantGroup;
			children = (
				054D40732A80C41700408AD1 /* Base */,
			);
			name = LaunchScreen.storyboard;
			sourceTree = "<group>";
		};
/* End PBXVariantGroup section */

/* Begin XCBuildConfiguration section */
		054D40762A80C41700408AD1 /* Debug */ = {
			isa = XCBuildConfiguration;
			buildSettings = {
				ALWAYS_SEARCH_USER_PATHS = NO;
				CLANG_ANALYZER_NONNULL = YES;
				CLANG_ANALYZER_NUMBER_OBJECT_CONVERSION = YES_AGGRESSIVE;
				CLANG_CXX_LANGUAGE_STANDARD = "gnu++20";
				CLANG_ENABLE_MODULES = YES;
				CLANG_ENABLE_OBJC_ARC = YES;
				CLANG_ENABLE_OBJC_WEAK = YES;
				CLANG_WARN_BLOCK_CAPTURE_AUTORELEASING = YES;
				CLANG_WARN_BOOL_CONVERSION = YES;
				CLANG_WARN_COMMA = YES;
				CLANG_WARN_CONSTANT_CONVERSION = YES;
				CLANG_WARN_DEPRECATED_OBJC_IMPLEMENTATIONS = YES;
				CLANG_WARN_DIRECT_OBJC_ISA_USAGE = YES_ERROR;
				CLANG_WARN_DOCUMENTATION_COMMENTS = YES;
				CLANG_WARN_EMPTY_BODY = YES;
				CLANG_WARN_ENUM_CONVERSION = YES;
				CLANG_WARN_INFINITE_RECURSION = YES;
				CLANG_WARN_INT_CONVERSION = YES;
				CLANG_WARN_NON_LITERAL_NULL_CONVERSION = YES;
				CLANG_WARN_OBJC_IMPLICIT_RETAIN_SELF = YES;
				CLANG_WARN_OBJC_LITERAL_CONVERSION = YES;
				CLANG_WARN_OBJC_ROOT_CLASS = YES_ERROR;
				CLANG_WARN_QUOTED_INCLUDE_IN_FRAMEWORK_HEADER = YES;
				CLANG_WARN_RANGE_LOOP_ANALYSIS = YES;
				CLANG_WARN_STRICT_PROTOTYPES = YES;
				CLANG_WARN_SUSPICIOUS_MOVE = YES;
				CLANG_WARN_UNGUARDED_AVAILABILITY = YES_AGGRESSIVE;
				CLANG_WARN_UNREACHABLE_CODE = YES;
				CLANG_WARN__DUPLICATE_METHOD_MATCH = YES;
				COPY_PHASE_STRIP = NO;
				DEBUG_INFORMATION_FORMAT = dwarf;
				ENABLE_STRICT_OBJC_MSGSEND = YES;
				ENABLE_TESTABILITY = YES;
				GCC_C_LANGUAGE_STANDARD = gnu11;
				GCC_DYNAMIC_NO_PIC = NO;
				GCC_NO_COMMON_BLOCKS = YES;
				GCC_OPTIMIZATION_LEVEL = 0;
				GCC_PREPROCESSOR_DEFINITIONS = (
					"DEBUG=1",
					"$(inherited)",
				);
				GCC_WARN_64_TO_32_BIT_CONVERSION = YES;
				GCC_WARN_ABOUT_RETURN_TYPE = YES_ERROR;
				GCC_WARN_UNDECLARED_SELECTOR = YES;
				GCC_WARN_UNINITIALIZED_AUTOS = YES_AGGRESSIVE;
				GCC_WARN_UNUSED_FUNCTION = YES;
				GCC_WARN_UNUSED_VARIABLE = YES;
				IPHONEOS_DEPLOYMENT_TARGET = 16.4;
				MTL_ENABLE_DEBUG_INFO = INCLUDE_SOURCE;
				MTL_FAST_MATH = YES;
				ONLY_ACTIVE_ARCH = YES;
				SDKROOT = iphoneos;
				SWIFT_ACTIVE_COMPILATION_CONDITIONS = DEBUG;
				SWIFT_OPTIMIZATION_LEVEL = "-Onone";
			};
			name = Debug;
		};
		054D40772A80C41700408AD1 /* Release */ = {
			isa = XCBuildConfiguration;
			buildSettings = {
				ALWAYS_SEARCH_USER_PATHS = NO;
				CLANG_ANALYZER_NONNULL = YES;
				CLANG_ANALYZER_NUMBER_OBJECT_CONVERSION = YES_AGGRESSIVE;
				CLANG_CXX_LANGUAGE_STANDARD = "gnu++20";
				CLANG_ENABLE_MODULES = YES;
				CLANG_ENABLE_OBJC_ARC = YES;
				CLANG_ENABLE_OBJC_WEAK = YES;
				CLANG_WARN_BLOCK_CAPTURE_AUTORELEASING = YES;
				CLANG_WARN_BOOL_CONVERSION = YES;
				CLANG_WARN_COMMA = YES;
				CLANG_WARN_CONSTANT_CONVERSION = YES;
				CLANG_WARN_DEPRECATED_OBJC_IMPLEMENTATIONS = YES;
				CLANG_WARN_DIRECT_OBJC_ISA_USAGE = YES_ERROR;
				CLANG_WARN_DOCUMENTATION_COMMENTS = YES;
				CLANG_WARN_EMPTY_BODY = YES;
				CLANG_WARN_ENUM_CONVERSION = YES;
				CLANG_WARN_INFINITE_RECURSION = YES;
				CLANG_WARN_INT_CONVERSION = YES;
				CLANG_WARN_NON_LITERAL_NULL_CONVERSION = YES;
				CLANG_WARN_OBJC_IMPLICIT_RETAIN_SELF = YES;
				CLANG_WARN_OBJC_LITERAL_CONVERSION = YES;
				CLANG_WARN_OBJC_ROOT_CLASS = YES_ERROR;
				CLANG_WARN_QUOTED_INCLUDE_IN_FRAMEWORK_HEADER = YES;
				CLANG_WARN_RANGE_LOOP_ANALYSIS = YES;
				CLANG_WARN_STRICT_PROTOTYPES = YES;
				CLANG_WARN_SUSPICIOUS_MOVE = YES;
				CLANG_WARN_UNGUARDED_AVAILABILITY = YES_AGGRESSIVE;
				CLANG_WARN_UNREACHABLE_CODE = YES;
				CLANG_WARN__DUPLICATE_METHOD_MATCH = YES;
				COPY_PHASE_STRIP = NO;
				DEBUG_INFORMATION_FORMAT = "dwarf-with-dsym";
				ENABLE_NS_ASSERTIONS = NO;
				ENABLE_STRICT_OBJC_MSGSEND = YES;
				GCC_C_LANGUAGE_STANDARD = gnu11;
				GCC_NO_COMMON_BLOCKS = YES;
				GCC_WARN_64_TO_32_BIT_CONVERSION = YES;
				GCC_WARN_ABOUT_RETURN_TYPE = YES_ERROR;
				GCC_WARN_UNDECLARED_SELECTOR = YES;
				GCC_WARN_UNINITIALIZED_AUTOS = YES_AGGRESSIVE;
				GCC_WARN_UNUSED_FUNCTION = YES;
				GCC_WARN_UNUSED_VARIABLE = YES;
				IPHONEOS_DEPLOYMENT_TARGET = 16.4;
				MTL_ENABLE_DEBUG_INFO = NO;
				MTL_FAST_MATH = YES;
				SDKROOT = iphoneos;
				SWIFT_COMPILATION_MODE = wholemodule;
				SWIFT_OPTIMIZATION_LEVEL = "-O";
				VALIDATE_PRODUCT = YES;
			};
			name = Release;
		};
		054D40792A80C41700408AD1 /* Debug */ = {
			isa = XCBuildConfiguration;
			buildSettings = {
				ASSETCATALOG_COMPILER_APPICON_NAME = AppIcon;
				ASSETCATALOG_COMPILER_GLOBAL_ACCENT_COLOR_NAME = AccentColor;
				CODE_SIGN_STYLE = Automatic;
				CURRENT_PROJECT_VERSION = 1;
				DEVELOPMENT_TEAM = 8Y94852757;
				GENERATE_INFOPLIST_FILE = YES;
				INFOPLIST_FILE = TodoApp/Info.plist;
				INFOPLIST_KEY_UIApplicationSupportsIndirectInputEvents = YES;
				INFOPLIST_KEY_UILaunchStoryboardName = LaunchScreen;
				INFOPLIST_KEY_UIMainStoryboardFile = Main;
				INFOPLIST_KEY_UISupportedInterfaceOrientations = UIInterfaceOrientationPortrait;
				INFOPLIST_KEY_UISupportedInterfaceOrientations_iPad = "UIInterfaceOrientationLandscapeLeft UIInterfaceOrientationLandscapeRight UIInterfaceOrientationPortrait UIInterfaceOrientationPortraitUpsideDown";
				IPHONEOS_DEPLOYMENT_TARGET = 15.0;
				LD_RUNPATH_SEARCH_PATHS = (
					"$(inherited)",
					"@executable_path/Frameworks",
				);
				MARKETING_VERSION = 1.0;
				PRODUCT_BUNDLE_IDENTIFIER = com.playhong16.TodoApp;
				PRODUCT_NAME = "$(TARGET_NAME)";
				SUPPORTED_PLATFORMS = "iphoneos iphonesimulator";
				SUPPORTS_MACCATALYST = NO;
				SUPPORTS_MAC_DESIGNED_FOR_IPHONE_IPAD = NO;
				SWIFT_EMIT_LOC_STRINGS = YES;
				SWIFT_VERSION = 5.0;
				TARGETED_DEVICE_FAMILY = 1;
			};
			name = Debug;
		};
		054D407A2A80C41700408AD1 /* Release */ = {
			isa = XCBuildConfiguration;
			buildSettings = {
				ASSETCATALOG_COMPILER_APPICON_NAME = AppIcon;
				ASSETCATALOG_COMPILER_GLOBAL_ACCENT_COLOR_NAME = AccentColor;
				CODE_SIGN_STYLE = Automatic;
				CURRENT_PROJECT_VERSION = 1;
				DEVELOPMENT_TEAM = 8Y94852757;
				GENERATE_INFOPLIST_FILE = YES;
				INFOPLIST_FILE = TodoApp/Info.plist;
				INFOPLIST_KEY_UIApplicationSupportsIndirectInputEvents = YES;
				INFOPLIST_KEY_UILaunchStoryboardName = LaunchScreen;
				INFOPLIST_KEY_UIMainStoryboardFile = Main;
				INFOPLIST_KEY_UISupportedInterfaceOrientations = UIInterfaceOrientationPortrait;
				INFOPLIST_KEY_UISupportedInterfaceOrientations_iPad = "UIInterfaceOrientationLandscapeLeft UIInterfaceOrientationLandscapeRight UIInterfaceOrientationPortrait UIInterfaceOrientationPortraitUpsideDown";
				IPHONEOS_DEPLOYMENT_TARGET = 15.0;
				LD_RUNPATH_SEARCH_PATHS = (
					"$(inherited)",
					"@executable_path/Frameworks",
				);
				MARKETING_VERSION = 1.0;
				PRODUCT_BUNDLE_IDENTIFIER = com.playhong16.TodoApp;
				PRODUCT_NAME = "$(TARGET_NAME)";
				SUPPORTED_PLATFORMS = "iphoneos iphonesimulator";
				SUPPORTS_MACCATALYST = NO;
				SUPPORTS_MAC_DESIGNED_FOR_IPHONE_IPAD = NO;
				SWIFT_EMIT_LOC_STRINGS = YES;
				SWIFT_VERSION = 5.0;
				TARGETED_DEVICE_FAMILY = 1;
			};
			name = Release;
		};
/* End XCBuildConfiguration section */

/* Begin XCConfigurationList section */
		054D405F2A80C41600408AD1 /* Build configuration list for PBXProject "TodoApp" */ = {
			isa = XCConfigurationList;
			buildConfigurations = (
				054D40762A80C41700408AD1 /* Debug */,
				054D40772A80C41700408AD1 /* Release */,
			);
			defaultConfigurationIsVisible = 0;
			defaultConfigurationName = Release;
		};
		054D40782A80C41700408AD1 /* Build configuration list for PBXNativeTarget "TodoApp" */ = {
			isa = XCConfigurationList;
			buildConfigurations = (
				054D40792A80C41700408AD1 /* Debug */,
				054D407A2A80C41700408AD1 /* Release */,
			);
			defaultConfigurationIsVisible = 0;
			defaultConfigurationName = Release;
		};
/* End XCConfigurationList section */
	};
	rootObject = 054D405C2A80C41600408AD1 /* Project object */;
}
